
Microsoft Visual Studio Solution File, Format Version 12.00
# Visual Studio Version 16
VisualStudioVersion = 16.0.30225.117
MinimumVisualStudioVersion = 10.0.40219.1
Project("{9A19103F-16F7-4668-BE54-9A1E7A4F7556}") = "NLP-With-Dispatch-Bot", "NLP-With-Dispatch-Bot.csproj", "{48453C6C-7C9B-4216-BEFB-CFC402E959DF}"
EndProject
Global
	GlobalSection(SolutionConfigurationPlatforms) = preSolution
		Debug|Any CPU = Debug|Any CPU
		Release|Any CPU = Release|Any CPU
	EndGlobalSection
	GlobalSection(ProjectConfigurationPlatforms) = postSolution
		{48453C6C-7C9B-4216-BEFB-CFC402E959DF}.Debug|Any CPU.ActiveCfg = Debug|Any CPU
		{48453C6C-7C9B-4216-BEFB-CFC402E959DF}.Debug|Any CPU.Build.0 = Debug|Any CPU
		{48453C6C-7C9B-4216-BEFB-CFC402E959DF}.Release|Any CPU.ActiveCfg = Release|Any CPU
		{48453C6C-7C9B-4216-BEFB-CFC402E959DF}.Release|Any CPU.Build.0 = Release|Any CPU
	EndGlobalSection
	GlobalSection(SolutionProperties) = preSolution
		HideSolutionNode = FALSE
	EndGlobalSection
	GlobalSection(ExtensibilityGlobals) = postSolution
		SolutionGuid = {8DE6A682-810D-4FC5-B620-0FAC7E174D6E}
	EndGlobalSection
EndGlobal
